
Microsoft Visual Studio Solution File, Format Version 12.00
# Visual Studio Version 17
VisualStudioVersion = 17.9.34622.214
MinimumVisualStudioVersion = 10.0.40219.1
Project("{F184B08F-C81C-45F6-A57F-5ABD9991F28F}") = "Posttest4", "Posttest4.vbproj", "{CBC29D95-05EE-43E4-ABF1-555E0A09A1DF}"
EndProject
Global
	GlobalSection(SolutionConfigurationPlatforms) = preSolution
		Debug|Any CPU = Debug|Any CPU
		Release|Any CPU = Release|Any CPU
	EndGlobalSection
	GlobalSection(ProjectConfigurationPlatforms) = postSolution
		{CBC29D95-05EE-43E4-ABF1-555E0A09A1DF}.Debug|Any CPU.ActiveCfg = Debug|Any CPU
		{CBC29D95-05EE-43E4-ABF1-555E0A09A1DF}.Debug|Any CPU.Build.0 = Debug|Any CPU
		{CBC29D95-05EE-43E4-ABF1-555E0A09A1DF}.Release|Any CPU.ActiveCfg = Release|Any CPU
		{CBC29D95-05EE-43E4-ABF1-555E0A09A1DF}.Release|Any CPU.Build.0 = Release|Any CPU
	EndGlobalSection
	GlobalSection(SolutionProperties) = preSolution
		HideSolutionNode = FALSE
	EndGlobalSection
	GlobalSection(ExtensibilityGlobals) = postSolution
		SolutionGuid = {E04A2B25-9D2B-4BCE-97E4-CE49108E81C5}
	EndGlobalSection
EndGlobal
